
Microsoft Visual Studio Solution File, Format Version 12.00
# Visual Studio Version 16
VisualStudioVersion = 16.0.30717.126
MinimumVisualStudioVersion = 10.0.40219.1
Project("{8BC9CEB8-8B4A-11D0-8D11-00A0C91BC942}") = "数据结构课程设计", "数据结构课程设计\数据结构课程设计.vcxproj", "{84926FB8-B68E-404D-8AA3-BB9DF3C43C62}"
EndProject
Project("{8BC9CEB8-8B4A-11D0-8D11-00A0C91BC942}") = "考试报名系统", "考试报名系统\考试报名系统.vcxproj", "{B09EB863-0E14-4138-9614-25AE4644F4AB}"
EndProject
Project("{8BC9CEB8-8B4A-11D0-8D11-00A0C91BC942}") = "交集", "交集\交集.vcxproj", "{A135C09B-9A80-4377-ACA3-8DD5870317E2}"
EndProject
Project("{8BC9CEB8-8B4A-11D0-8D11-00A0C91BC942}") = "勇闯迷宫", "勇闯迷宫\勇闯迷宫.vcxproj", "{28056A35-E1DA-4144-9436-6F6FED4BAAB6}"
EndProject
Project("{8BC9CEB8-8B4A-11D0-8D11-00A0C91BC942}") = "算术表达式", "算术表达式\算术表达式.vcxproj", "{14E837D4-66A4-4560-A2D7-ED08788B7B87}"
EndProject
Project("{8BC9CEB8-8B4A-11D0-8D11-00A0C91BC942}") = "银行业务", "银行业务\银行业务.vcxproj", "{002FCEA6-6F11-4DE4-B136-73BCB2B7484C}"
EndProject
Project("{8BC9CEB8-8B4A-11D0-8D11-00A0C91BC942}") = "家谱", "家谱\家谱.vcxproj", "{274DCA19-7B29-4431-A2B2-225966C42023}"
EndProject
Project("{8BC9CEB8-8B4A-11D0-8D11-00A0C91BC942}") = "修理牧场", "修理牧场\修理牧场.vcxproj", "{E467C815-B029-498E-A959-E858CC547FAE}"
EndProject
Project("{8BC9CEB8-8B4A-11D0-8D11-00A0C91BC942}") = "电网建设", "电网建设\电网建设.vcxproj", "{016CC605-0A4F-4B61-B1D6-F993DA91D11A}"
EndProject
Project("{8BC9CEB8-8B4A-11D0-8D11-00A0C91BC942}") = "课程表", "课程表\课程表.vcxproj", "{7009115B-CEDC-41E9-838F-4A1D9E35C0EF}"
EndProject
Project("{8BC9CEB8-8B4A-11D0-8D11-00A0C91BC942}") = "排序比较", "排序比较\排序比较.vcxproj", "{D48096D4-7AA7-4A8F-9EDB-20D69782FBC4}"
EndProject
Project("{8BC9CEB8-8B4A-11D0-8D11-00A0C91BC942}") = "迷宫优化", "迷宫优化\迷宫优化.vcxproj", "{B85A0D36-D36C-472E-B5CD-2B67698D61CC}"
EndProject
Global
	GlobalSection(SolutionConfigurationPlatforms) = preSolution
		Debug|x64 = Debug|x64
		Debug|x86 = Debug|x86
		Release|x64 = Release|x64
		Release|x86 = Release|x86
	EndGlobalSection
	GlobalSection(ProjectConfigurationPlatforms) = postSolution
		{84926FB8-B68E-404D-8AA3-BB9DF3C43C62}.Debug|x64.ActiveCfg = Debug|x64
		{84926FB8-B68E-404D-8AA3-BB9DF3C43C62}.Debug|x64.Build.0 = Debug|x64
		{84926FB8-B68E-404D-8AA3-BB9DF3C43C62}.Debug|x86.ActiveCfg = Debug|Win32
		{84926FB8-B68E-404D-8AA3-BB9DF3C43C62}.Debug|x86.Build.0 = Debug|Win32
		{84926FB8-B68E-404D-8AA3-BB9DF3C43C62}.Release|x64.ActiveCfg = Release|x64
		{84926FB8-B68E-404D-8AA3-BB9DF3C43C62}.Release|x64.Build.0 = Release|x64
		{84926FB8-B68E-404D-8AA3-BB9DF3C43C62}.Release|x86.ActiveCfg = Release|Win32
		{84926FB8-B68E-404D-8AA3-BB9DF3C43C62}.Release|x86.Build.0 = Release|Win32
		{B09EB863-0E14-4138-9614-25AE4644F4AB}.Debug|x64.ActiveCfg = Debug|x64
		{B09EB863-0E14-4138-9614-25AE4644F4AB}.Debug|x64.Build.0 = Debug|x64
		{B09EB863-0E14-4138-9614-25AE4644F4AB}.Debug|x86.ActiveCfg = Debug|Win32
		{B09EB863-0E14-4138-9614-25AE4644F4AB}.Debug|x86.Build.0 = Debug|Win32
		{B09EB863-0E14-4138-9614-25AE4644F4AB}.Release|x64.ActiveCfg = Release|x64
		{B09EB863-0E14-4138-9614-25AE4644F4AB}.Release|x64.Build.0 = Release|x64
		{B09EB863-0E14-4138-9614-25AE4644F4AB}.Release|x86.ActiveCfg = Release|Win32
		{B09EB863-0E14-4138-9614-25AE4644F4AB}.Release|x86.Build.0 = Release|Win32
		{A135C09B-9A80-4377-ACA3-8DD5870317E2}.Debug|x64.ActiveCfg = Debug|x64
		{A135C09B-9A80-4377-ACA3-8DD5870317E2}.Debug|x64.Build.0 = Debug|x64
		{A135C09B-9A80-4377-ACA3-8DD5870317E2}.Debug|x86.ActiveCfg = Debug|Win32
		{A135C09B-9A80-4377-ACA3-8DD5870317E2}.Debug|x86.Build.0 = Debug|Win32
		{A135C09B-9A80-4377-ACA3-8DD5870317E2}.Release|x64.ActiveCfg = Release|x64
		{A135C09B-9A80-4377-ACA3-8DD5870317E2}.Release|x64.Build.0 = Release|x64
		{A135C09B-9A80-4377-ACA3-8DD5870317E2}.Release|x86.ActiveCfg = Release|Win32
		{A135C09B-9A80-4377-ACA3-8DD5870317E2}.Release|x86.Build.0 = Release|Win32
		{28056A35-E1DA-4144-9436-6F6FED4BAAB6}.Debug|x64.ActiveCfg = Debug|x64
		{28056A35-E1DA-4144-9436-6F6FED4BAAB6}.Debug|x64.Build.0 = Debug|x64
		{28056A35-E1DA-4144-9436-6F6FED4BAAB6}.Debug|x86.ActiveCfg = Debug|Win32
		{28056A35-E1DA-4144-9436-6F6FED4BAAB6}.Debug|x86.Build.0 = Debug|Win32
		{28056A35-E1DA-4144-9436-6F6FED4BAAB6}.Release|x64.ActiveCfg = Release|x64
		{28056A35-E1DA-4144-9436-6F6FED4BAAB6}.Release|x64.Build.0 = Release|x64
		{28056A35-E1DA-4144-9436-6F6FED4BAAB6}.Release|x86.ActiveCfg = Release|Win32
		{28056A35-E1DA-4144-9436-6F6FED4BAAB6}.Release|x86.Build.0 = Release|Win32
		{14E837D4-66A4-4560-A2D7-ED08788B7B87}.Debug|x64.ActiveCfg = Debug|x64
		{14E837D4-66A4-4560-A2D7-ED08788B7B87}.Debug|x64.Build.0 = Debug|x64
		{14E837D4-66A4-4560-A2D7-ED08788B7B87}.Debug|x86.ActiveCfg = Debug|Win32
		{14E837D4-66A4-4560-A2D7-ED08788B7B87}.Debug|x86.Build.0 = Debug|Win32
		{14E837D4-66A4-4560-A2D7-ED08788B7B87}.Release|x64.ActiveCfg = Release|x64
		{14E837D4-66A4-4560-A2D7-ED08788B7B87}.Release|x64.Build.0 = Release|x64
		{14E837D4-66A4-4560-A2D7-ED08788B7B87}.Release|x86.ActiveCfg = Release|Win32
		{14E837D4-66A4-4560-A2D7-ED08788B7B87}.Release|x86.Build.0 = Release|Win32
		{002FCEA6-6F11-4DE4-B136-73BCB2B7484C}.Debug|x64.ActiveCfg = Debug|x64
		{002FCEA6-6F11-4DE4-B136-73BCB2B7484C}.Debug|x64.Build.0 = Debug|x64
		{002FCEA6-6F11-4DE4-B136-73BCB2B7484C}.Debug|x86.ActiveCfg = Debug|Win32
		{002FCEA6-6F11-4DE4-B136-73BCB2B7484C}.Debug|x86.Build.0 = Debug|Win32
		{002FCEA6-6F11-4DE4-B136-73BCB2B7484C}.Release|x64.ActiveCfg = Release|x64
		{002FCEA6-6F11-4DE4-B136-73BCB2B7484C}.Release|x64.Build.0 = Release|x64
		{002FCEA6-6F11-4DE4-B136-73BCB2B7484C}.Release|x86.ActiveCfg = Release|Win32
		{002FCEA6-6F11-4DE4-B136-73BCB2B7484C}.Release|x86.Build.0 = Release|Win32
		{274DCA19-7B29-4431-A2B2-225966C42023}.Debug|x64.ActiveCfg = Debug|x64
		{274DCA19-7B29-4431-A2B2-225966C42023}.Debug|x64.Build.0 = Debug|x64
		{274DCA19-7B29-4431-A2B2-225966C42023}.Debug|x86.ActiveCfg = Debug|Win32
		{274DCA19-7B29-4431-A2B2-225966C42023}.Debug|x86.Build.0 = Debug|Win32
		{274DCA19-7B29-4431-A2B2-225966C42023}.Release|x64.ActiveCfg = Release|x64
		{274DCA19-7B29-4431-A2B2-225966C42023}.Release|x64.Build.0 = Release|x64
		{274DCA19-7B29-4431-A2B2-225966C42023}.Release|x86.ActiveCfg = Release|Win32
		{274DCA19-7B29-4431-A2B2-225966C42023}.Release|x86.Build.0 = Release|Win32
		{E467C815-B029-498E-A959-E858CC547FAE}.Debug|x64.ActiveCfg = Debug|x64
		{E467C815-B029-498E-A959-E858CC547FAE}.Debug|x64.Build.0 = Debug|x64
		{E467C815-B029-498E-A959-E858CC547FAE}.Debug|x86.ActiveCfg = Debug|Win32
		{E467C815-B029-498E-A959-E858CC547FAE}.Debug|x86.Build.0 = Debug|Win32
		{E467C815-B029-498E-A959-E858CC547FAE}.Release|x64.ActiveCfg = Release|x64
		{E467C815-B029-498E-A959-E858CC547FAE}.Release|x64.Build.0 = Release|x64
		{E467C815-B029-498E-A959-E858CC547FAE}.Release|x86.ActiveCfg = Release|Win32
		{E467C815-B029-498E-A959-E858CC547FAE}.Release|x86.Build.0 = Release|Win32
		{016CC605-0A4F-4B61-B1D6-F993DA91D11A}.Debug|x64.ActiveCfg = Debug|x64
		{016CC605-0A4F-4B61-B1D6-F993DA91D11A}.Debug|x64.Build.0 = Debug|x64
		{016CC605-0A4F-4B61-B1D6-F993DA91D11A}.Debug|x86.ActiveCfg = Debug|Win32
		{016CC605-0A4F-4B61-B1D6-F993DA91D11A}.Debug|x86.Build.0 = Debug|Win32
		{016CC605-0A4F-4B61-B1D6-F993DA91D11A}.Release|x64.ActiveCfg = Release|x64
		{016CC605-0A4F-4B61-B1D6-F993DA91D11A}.Release|x64.Build.0 = Release|x64
		{016CC605-0A4F-4B61-B1D6-F993DA91D11A}.Release|x86.ActiveCfg = Release|Win32
		{016CC605-0A4F-4B61-B1D6-F993DA91D11A}.Release|x86.Build.0 = Release|Win32
		{7009115B-CEDC-41E9-838F-4A1D9E35C0EF}.Debug|x64.ActiveCfg = Debug|x64
		{7009115B-CEDC-41E9-838F-4A1D9E35C0EF}.Debug|x64.Build.0 = Debug|x64
		{7009115B-CEDC-41E9-838F-4A1D9E35C0EF}.Debug|x86.ActiveCfg = Debug|Win32
		{7009115B-CEDC-41E9-838F-4A1D9E35C0EF}.Debug|x86.Build.0 = Debug|Win32
		{7009115B-CEDC-41E9-838F-4A1D9E35C0EF}.Release|x64.ActiveCfg = Release|x64
		{7009115B-CEDC-41E9-838F-4A1D9E35C0EF}.Release|x64.Build.0 = Release|x64
		{7009115B-CEDC-41E9-838F-4A1D9E35C0EF}.Release|x86.ActiveCfg = Release|Win32
		{7009115B-CEDC-41E9-838F-4A1D9E35C0EF}.Release|x86.Build.0 = Release|Win32
		{D48096D4-7AA7-4A8F-9EDB-20D69782FBC4}.Debug|x64.ActiveCfg = Debug|x64
		{D48096D4-7AA7-4A8F-9EDB-20D69782FBC4}.Debug|x64.Build.0 = Debug|x64
		{D48096D4-7AA7-4A8F-9EDB-20D69782FBC4}.Debug|x86.ActiveCfg = Debug|Win32
		{D48096D4-7AA7-4A8F-9EDB-20D69782FBC4}.Debug|x86.Build.0 = Debug|Win32
		{D48096D4-7AA7-4A8F-9EDB-20D69782FBC4}.Release|x64.ActiveCfg = Release|x64
		{D48096D4-7AA7-4A8F-9EDB-20D69782FBC4}.Release|x64.Build.0 = Release|x64
		{D48096D4-7AA7-4A8F-9EDB-20D69782FBC4}.Release|x86.ActiveCfg = Release|Win32
		{D48096D4-7AA7-4A8F-9EDB-20D69782FBC4}.Release|x86.Build.0 = Release|Win32
		{B85A0D36-D36C-472E-B5CD-2B67698D61CC}.Debug|x64.ActiveCfg = Debug|x64
		{B85A0D36-D36C-472E-B5CD-2B67698D61CC}.Debug|x64.Build.0 = Debug|x64
		{B85A0D36-D36C-472E-B5CD-2B67698D61CC}.Debug|x86.ActiveCfg = Debug|Win32
		{B85A0D36-D36C-472E-B5CD-2B67698D61CC}.Debug|x86.Build.0 = Debug|Win32
		{B85A0D36-D36C-472E-B5CD-2B67698D61CC}.Release|x64.ActiveCfg = Release|x64
		{B85A0D36-D36C-472E-B5CD-2B67698D61CC}.Release|x64.Build.0 = Release|x64
		{B85A0D36-D36C-472E-B5CD-2B67698D61CC}.Release|x86.ActiveCfg = Release|Win32
		{B85A0D36-D36C-472E-B5CD-2B67698D61CC}.Release|x86.Build.0 = Release|Win32
	EndGlobalSection
	GlobalSection(SolutionProperties) = preSolution
		HideSolutionNode = FALSE
	EndGlobalSection
	GlobalSection(ExtensibilityGlobals) = postSolution
		SolutionGuid = {2B502B89-774F-40F8-9E32-FEA172D398FC}
	EndGlobalSection
EndGlobal
